
Microsoft Visual Studio Solution File, Format Version 12.00
# Visual Studio Version 16
VisualStudioVersion = 16.0.34031.81
MinimumVisualStudioVersion = 10.0.40219.1
Project("{2150E333-8FDC-42A3-9474-1A3956D46DE8}") = "Task0", "Task0", "{40D60CF0-BE07-4E84-9620-3BF37C4EBC2C}"
EndProject
Project("{8BC9CEB8-8B4A-11D0-8D11-00A0C91BC942}") = "Tyuiu.TolstykhViacheslavSprint.Task0.V0", "Tyuiu.TolstykhViacheslavSprint.Task0.V0\Tyuiu.TolstykhViacheslavSprint.Task0.V0.vcxproj", "{EFC0FCB8-DA77-4606-81B7-E84AE6FCFE43}"
EndProject
Global
	GlobalSection(SolutionConfigurationPlatforms) = preSolution
		Debug|x64 = Debug|x64
		Debug|x86 = Debug|x86
		Release|x64 = Release|x64
		Release|x86 = Release|x86
	EndGlobalSection
	GlobalSection(ProjectConfigurationPlatforms) = postSolution
		{EFC0FCB8-DA77-4606-81B7-E84AE6FCFE43}.Debug|x64.ActiveCfg = Debug|x64
		{EFC0FCB8-DA77-4606-81B7-E84AE6FCFE43}.Debug|x64.Build.0 = Debug|x64
		{EFC0FCB8-DA77-4606-81B7-E84AE6FCFE43}.Debug|x86.ActiveCfg = Debug|Win32
		{EFC0FCB8-DA77-4606-81B7-E84AE6FCFE43}.Debug|x86.Build.0 = Debug|Win32
		{EFC0FCB8-DA77-4606-81B7-E84AE6FCFE43}.Release|x64.ActiveCfg = Release|x64
		{EFC0FCB8-DA77-4606-81B7-E84AE6FCFE43}.Release|x64.Build.0 = Release|x64
		{EFC0FCB8-DA77-4606-81B7-E84AE6FCFE43}.Release|x86.ActiveCfg = Release|Win32
		{EFC0FCB8-DA77-4606-81B7-E84AE6FCFE43}.Release|x86.Build.0 = Release|Win32
	EndGlobalSection
	GlobalSection(SolutionProperties) = preSolution
		HideSolutionNode = FALSE
	EndGlobalSection
	GlobalSection(NestedProjects) = preSolution
		{EFC0FCB8-DA77-4606-81B7-E84AE6FCFE43} = {40D60CF0-BE07-4E84-9620-3BF37C4EBC2C}
	EndGlobalSection
	GlobalSection(ExtensibilityGlobals) = postSolution
		SolutionGuid = {F8FC0694-F46B-448D-95D4-2E59C84178D4}
	EndGlobalSection
EndGlobal
